{
  "pins" : [
    {
      "identity" : "asyncbluetooth",
      "kind" : "remoteSourceControl",
      "location" : "https://github.com/manolofdez/AsyncBluetooth",
      "state" : {
        "revision" : "e9917155e933da8910014bac35e520d35fa0a26a",
        "version" : "1.2.0"
      }
    }
  ],
  "version" : 2
}
