{
  "pins" : [
    {
      "identity" : "asyncbluetooth",
      "kind" : "remoteSourceControl",
      "location" : "https://github.com/manolofdez/AsyncBluetooth",
      "state" : {
        "branch" : "main",
        "revision" : "68090a6515530d902f458b379c3b7c40de94a2ae"
      }
    }
  ],
  "version" : 2
}
