// !$*UTF8*$!
{
	archiveVersion = 1;
	classes = {
	};
	objectVersion = 55;
	objects = {

/* Begin PBXBuildFile section */
		B325255328C7D8FB00D6C4D0 /* CostumeView.swift in Sources */ = {isa = PBXBuildFile; fileRef = B325255228C7D8FB00D6C4D0 /* CostumeView.swift */; };
		B325255528C7D95B00D6C4D0 /* ChairLightsView.swift in Sources */ = {isa = PBXBuildFile; fileRef = B325255428C7D95B00D6C4D0 /* ChairLightsView.swift */; };
		B325255728C7D96600D6C4D0 /* TextEffectsView.swift in Sources */ = {isa = PBXBuildFile; fileRef = B325255628C7D96600D6C4D0 /* TextEffectsView.swift */; };
		B325255928C7D97700D6C4D0 /* AudioView.swift in Sources */ = {isa = PBXBuildFile; fileRef = B325255828C7D97700D6C4D0 /* AudioView.swift */; };
		B325255B28C808CC00D6C4D0 /* PreviewButtonView.swift in Sources */ = {isa = PBXBuildFile; fileRef = B325255A28C808CC00D6C4D0 /* PreviewButtonView.swift */; };
		B325255D28C811A600D6C4D0 /* PedestalLightsView.swift in Sources */ = {isa = PBXBuildFile; fileRef = B325255C28C811A600D6C4D0 /* PedestalLightsView.swift */; };
		B325255F28C8129A00D6C4D0 /* EffectsListItemView.swift in Sources */ = {isa = PBXBuildFile; fileRef = B325255E28C8129A00D6C4D0 /* EffectsListItemView.swift */; };
		B33F8FD528C011B5001BE3D3 /* AsyncBluetooth in Frameworks */ = {isa = PBXBuildFile; productRef = B33F8FD428C011B5001BE3D3 /* AsyncBluetooth */; };
		B33F8FE028C198CF001BE3D3 /* CostumeManager.swift in Sources */ = {isa = PBXBuildFile; fileRef = B33F8FDF28C198CF001BE3D3 /* CostumeManager.swift */; };
		B375062328C1EF420076A244 /* OTAProgressView.swift in Sources */ = {isa = PBXBuildFile; fileRef = B375062228C1EF420076A244 /* OTAProgressView.swift */; };
		B380837628C8518F00CC29ED /* NavBarModifiers.swift in Sources */ = {isa = PBXBuildFile; fileRef = B380837528C8518F00CC29ED /* NavBarModifiers.swift */; };
		B380837828C85D1B00CC29ED /* TextChooserView.swift in Sources */ = {isa = PBXBuildFile; fileRef = B380837728C85D1B00CC29ED /* TextChooserView.swift */; };
		B380837A28C866E300CC29ED /* HColorPickerView.swift in Sources */ = {isa = PBXBuildFile; fileRef = B380837928C866E300CC29ED /* HColorPickerView.swift */; };
		B380837C28C9183100CC29ED /* BottomNavigationButtons.swift in Sources */ = {isa = PBXBuildFile; fileRef = B380837B28C9183100CC29ED /* BottomNavigationButtons.swift */; };
		B380837E28C9210200CC29ED /* LightStripEffectChooserView.swift in Sources */ = {isa = PBXBuildFile; fileRef = B380837D28C9210200CC29ED /* LightStripEffectChooserView.swift */; };
		B3CA5EB528BEB1D600F13DCE /* MW4_SavannahApp.swift in Sources */ = {isa = PBXBuildFile; fileRef = B3CA5EB428BEB1D600F13DCE /* MW4_SavannahApp.swift */; };
		B3CA5EB728BEB1D600F13DCE /* ContentView.swift in Sources */ = {isa = PBXBuildFile; fileRef = B3CA5EB628BEB1D600F13DCE /* ContentView.swift */; };
		B3CA5EB928BEB1D800F13DCE /* Assets.xcassets in Resources */ = {isa = PBXBuildFile; fileRef = B3CA5EB828BEB1D800F13DCE /* Assets.xcassets */; };
		B3CA5EBC28BEB1D800F13DCE /* Preview Assets.xcassets in Resources */ = {isa = PBXBuildFile; fileRef = B3CA5EBB28BEB1D800F13DCE /* Preview Assets.xcassets */; };
		B3CA5EC428BEB80200F13DCE /* StatusBarView.swift in Sources */ = {isa = PBXBuildFile; fileRef = B3CA5EC328BEB80200F13DCE /* StatusBarView.swift */; };
		B3CA5EC628BEBBEE00F13DCE /* BLEManager.swift in Sources */ = {isa = PBXBuildFile; fileRef = B3CA5EC528BEBBEE00F13DCE /* BLEManager.swift */; };
		B3CA5EC828BEC4E300F13DCE /* OTA.swift in Sources */ = {isa = PBXBuildFile; fileRef = B3CA5EC728BEC4E300F13DCE /* OTA.swift */; };
		B3CA5ECA28BEDFB600F13DCE /* CostumeService.swift in Sources */ = {isa = PBXBuildFile; fileRef = B3CA5EC928BEDFB500F13DCE /* CostumeService.swift */; };
		B3FA4F9C28C1FB1500E8BF11 /* TextDisplayService.swift in Sources */ = {isa = PBXBuildFile; fileRef = B3FA4F9B28C1FB1500E8BF11 /* TextDisplayService.swift */; };
		B3FA4F9E28C1FC1E00E8BF11 /* TextDisplayView.swift in Sources */ = {isa = PBXBuildFile; fileRef = B3FA4F9D28C1FC1E00E8BF11 /* TextDisplayView.swift */; };
		D48F80F928EB597E00C6394C /* CostumeGraphicView.swift in Sources */ = {isa = PBXBuildFile; fileRef = D48F80F828EB597E00C6394C /* CostumeGraphicView.swift */; };
		D48F810128EBC36300C6394C /* DivideSection.swift in Sources */ = {isa = PBXBuildFile; fileRef = D48F810028EBC36300C6394C /* DivideSection.swift */; };
		D48F810728EBC9CE00C6394C /* AudioChooserView.swift in Sources */ = {isa = PBXBuildFile; fileRef = D48F810628EBC9CE00C6394C /* AudioChooserView.swift */; };
		D48F810A28EBDE0100C6394C /* SongListView.swift in Sources */ = {isa = PBXBuildFile; fileRef = D48F810928EBDE0100C6394C /* SongListView.swift */; };
		D4A833E828CD8AD7002834FB /* RainbowColorView.swift in Sources */ = {isa = PBXBuildFile; fileRef = D4A833E728CD8AD7002834FB /* RainbowColorView.swift */; };
/* End PBXBuildFile section */

/* Begin PBXFileReference section */
		B325255228C7D8FB00D6C4D0 /* CostumeView.swift */ = {isa = PBXFileReference; lastKnownFileType = sourcecode.swift; path = CostumeView.swift; sourceTree = "<group>"; };
		B325255428C7D95B00D6C4D0 /* ChairLightsView.swift */ = {isa = PBXFileReference; lastKnownFileType = sourcecode.swift; path = ChairLightsView.swift; sourceTree = "<group>"; };
		B325255628C7D96600D6C4D0 /* TextEffectsView.swift */ = {isa = PBXFileReference; lastKnownFileType = sourcecode.swift; path = TextEffectsView.swift; sourceTree = "<group>"; };
		B325255828C7D97700D6C4D0 /* AudioView.swift */ = {isa = PBXFileReference; lastKnownFileType = sourcecode.swift; path = AudioView.swift; sourceTree = "<group>"; };
		B325255A28C808CC00D6C4D0 /* PreviewButtonView.swift */ = {isa = PBXFileReference; lastKnownFileType = sourcecode.swift; path = PreviewButtonView.swift; sourceTree = "<group>"; };
		B325255C28C811A600D6C4D0 /* PedestalLightsView.swift */ = {isa = PBXFileReference; lastKnownFileType = sourcecode.swift; path = PedestalLightsView.swift; sourceTree = "<group>"; };
		B325255E28C8129A00D6C4D0 /* EffectsListItemView.swift */ = {isa = PBXFileReference; lastKnownFileType = sourcecode.swift; path = EffectsListItemView.swift; sourceTree = "<group>"; };
		B33F8FDF28C198CF001BE3D3 /* CostumeManager.swift */ = {isa = PBXFileReference; lastKnownFileType = sourcecode.swift; path = CostumeManager.swift; sourceTree = "<group>"; };
		B375062228C1EF420076A244 /* OTAProgressView.swift */ = {isa = PBXFileReference; lastKnownFileType = sourcecode.swift; path = OTAProgressView.swift; sourceTree = "<group>"; };
		B380837528C8518F00CC29ED /* NavBarModifiers.swift */ = {isa = PBXFileReference; lastKnownFileType = sourcecode.swift; path = NavBarModifiers.swift; sourceTree = "<group>"; };
		B380837728C85D1B00CC29ED /* TextChooserView.swift */ = {isa = PBXFileReference; lastKnownFileType = sourcecode.swift; path = TextChooserView.swift; sourceTree = "<group>"; };
		B380837928C866E300CC29ED /* HColorPickerView.swift */ = {isa = PBXFileReference; lastKnownFileType = sourcecode.swift; path = HColorPickerView.swift; sourceTree = "<group>"; };
		B380837B28C9183100CC29ED /* BottomNavigationButtons.swift */ = {isa = PBXFileReference; lastKnownFileType = sourcecode.swift; path = BottomNavigationButtons.swift; sourceTree = "<group>"; };
		B380837D28C9210200CC29ED /* LightStripEffectChooserView.swift */ = {isa = PBXFileReference; lastKnownFileType = sourcecode.swift; path = LightStripEffectChooserView.swift; sourceTree = "<group>"; };
		B3CA5EB128BEB1D600F13DCE /* Team Savannah.app */ = {isa = PBXFileReference; explicitFileType = wrapper.application; includeInIndex = 0; path = "Team Savannah.app"; sourceTree = BUILT_PRODUCTS_DIR; };
		B3CA5EB428BEB1D600F13DCE /* MW4_SavannahApp.swift */ = {isa = PBXFileReference; lastKnownFileType = sourcecode.swift; path = MW4_SavannahApp.swift; sourceTree = "<group>"; };
		B3CA5EB628BEB1D600F13DCE /* ContentView.swift */ = {isa = PBXFileReference; lastKnownFileType = sourcecode.swift; path = ContentView.swift; sourceTree = "<group>"; };
		B3CA5EB828BEB1D800F13DCE /* Assets.xcassets */ = {isa = PBXFileReference; lastKnownFileType = folder.assetcatalog; path = Assets.xcassets; sourceTree = "<group>"; };
		B3CA5EBB28BEB1D800F13DCE /* Preview Assets.xcassets */ = {isa = PBXFileReference; lastKnownFileType = folder.assetcatalog; path = "Preview Assets.xcassets"; sourceTree = "<group>"; };
		B3CA5EC228BEB79700F13DCE /* Info.plist */ = {isa = PBXFileReference; lastKnownFileType = text.plist; path = Info.plist; sourceTree = "<group>"; };
		B3CA5EC328BEB80200F13DCE /* StatusBarView.swift */ = {isa = PBXFileReference; lastKnownFileType = sourcecode.swift; path = StatusBarView.swift; sourceTree = "<group>"; };
		B3CA5EC528BEBBEE00F13DCE /* BLEManager.swift */ = {isa = PBXFileReference; lastKnownFileType = sourcecode.swift; path = BLEManager.swift; sourceTree = "<group>"; };
		B3CA5EC728BEC4E300F13DCE /* OTA.swift */ = {isa = PBXFileReference; lastKnownFileType = sourcecode.swift; path = OTA.swift; sourceTree = "<group>"; };
		B3CA5EC928BEDFB500F13DCE /* CostumeService.swift */ = {isa = PBXFileReference; lastKnownFileType = sourcecode.swift; path = CostumeService.swift; sourceTree = "<group>"; };
		B3FA4F9B28C1FB1500E8BF11 /* TextDisplayService.swift */ = {isa = PBXFileReference; fileEncoding = 4; lastKnownFileType = sourcecode.swift; path = TextDisplayService.swift; sourceTree = "<group>"; };
		B3FA4F9D28C1FC1E00E8BF11 /* TextDisplayView.swift */ = {isa = PBXFileReference; lastKnownFileType = sourcecode.swift; path = TextDisplayView.swift; sourceTree = "<group>"; };
		D48F80F828EB597E00C6394C /* CostumeGraphicView.swift */ = {isa = PBXFileReference; fileEncoding = 4; lastKnownFileType = sourcecode.swift; path = CostumeGraphicView.swift; sourceTree = "<group>"; };
		D48F810028EBC36300C6394C /* DivideSection.swift */ = {isa = PBXFileReference; lastKnownFileType = sourcecode.swift; path = DivideSection.swift; sourceTree = "<group>"; };
		D48F810628EBC9CE00C6394C /* AudioChooserView.swift */ = {isa = PBXFileReference; lastKnownFileType = sourcecode.swift; path = AudioChooserView.swift; sourceTree = "<group>"; };
		D48F810928EBDE0100C6394C /* SongListView.swift */ = {isa = PBXFileReference; lastKnownFileType = sourcecode.swift; path = SongListView.swift; sourceTree = "<group>"; };
		D4A833E728CD8AD7002834FB /* RainbowColorView.swift */ = {isa = PBXFileReference; lastKnownFileType = sourcecode.swift; path = RainbowColorView.swift; sourceTree = "<group>"; };
/* End PBXFileReference section */

/* Begin PBXFrameworksBuildPhase section */
		B3CA5EAE28BEB1D600F13DCE /* Frameworks */ = {
			isa = PBXFrameworksBuildPhase;
			buildActionMask = 2147483647;
			files = (
				B33F8FD528C011B5001BE3D3 /* AsyncBluetooth in Frameworks */,
			);
			runOnlyForDeploymentPostprocessing = 0;
		};
/* End PBXFrameworksBuildPhase section */

/* Begin PBXGroup section */
		B33F8FDB28C1983B001BE3D3 /* Models */ = {
			isa = PBXGroup;
			children = (
				B3FA4F9B28C1FB1500E8BF11 /* TextDisplayService.swift */,
				B3CA5EC928BEDFB500F13DCE /* CostumeService.swift */,
			);
			path = Models;
			sourceTree = "<group>";
		};
		B33F8FDC28C1984C001BE3D3 /* Views */ = {
			isa = PBXGroup;
			children = (
				B3CA5EB628BEB1D600F13DCE /* ContentView.swift */,
				B3CA5EC328BEB80200F13DCE /* StatusBarView.swift */,
				B375062228C1EF420076A244 /* OTAProgressView.swift */,
				B3FA4F9D28C1FC1E00E8BF11 /* TextDisplayView.swift */,
				B325255228C7D8FB00D6C4D0 /* CostumeView.swift */,
				D48F810228EBC36E00C6394C /* ChildPages */,
				D48F810528EBC99200C6394C /* Chooser */,
				D48F810828EBDDBC00C6394C /* UIComponents */,
			);
			path = Views;
			sourceTree = "<group>";
		};
		B33F8FDD28C198B1001BE3D3 /* ModelViews */ = {
			isa = PBXGroup;
			children = (
				B33F8FDF28C198CF001BE3D3 /* CostumeManager.swift */,
			);
			path = ModelViews;
			sourceTree = "<group>";
		};
		B33F8FDE28C198B7001BE3D3 /* Utilities */ = {
			isa = PBXGroup;
			children = (
				B3CA5EC728BEC4E300F13DCE /* OTA.swift */,
				B380837528C8518F00CC29ED /* NavBarModifiers.swift */,
			);
			path = Utilities;
			sourceTree = "<group>";
		};
		B3CA5EA828BEB1D600F13DCE = {
			isa = PBXGroup;
			children = (
				B3CA5EB328BEB1D600F13DCE /* MW4-Savannah */,
				B3CA5EB228BEB1D600F13DCE /* Products */,
			);
			sourceTree = "<group>";
		};
		B3CA5EB228BEB1D600F13DCE /* Products */ = {
			isa = PBXGroup;
			children = (
				B3CA5EB128BEB1D600F13DCE /* Team Savannah.app */,
			);
			name = Products;
			sourceTree = "<group>";
		};
		B3CA5EB328BEB1D600F13DCE /* MW4-Savannah */ = {
			isa = PBXGroup;
			children = (
				B33F8FDE28C198B7001BE3D3 /* Utilities */,
				B33F8FDD28C198B1001BE3D3 /* ModelViews */,
				B33F8FDC28C1984C001BE3D3 /* Views */,
				B33F8FDB28C1983B001BE3D3 /* Models */,
				B3CA5EC228BEB79700F13DCE /* Info.plist */,
				B3CA5EB428BEB1D600F13DCE /* MW4_SavannahApp.swift */,
				B3CA5EB828BEB1D800F13DCE /* Assets.xcassets */,
				B3CA5EC528BEBBEE00F13DCE /* BLEManager.swift */,
				B3CA5EBA28BEB1D800F13DCE /* Preview Content */,
			);
			path = "MW4-Savannah";
			sourceTree = "<group>";
		};
		B3CA5EBA28BEB1D800F13DCE /* Preview Content */ = {
			isa = PBXGroup;
			children = (
				B3CA5EBB28BEB1D800F13DCE /* Preview Assets.xcassets */,
			);
			path = "Preview Content";
			sourceTree = "<group>";
		};
		D48F810228EBC36E00C6394C /* ChildPages */ = {
			isa = PBXGroup;
			children = (
				B325255428C7D95B00D6C4D0 /* ChairLightsView.swift */,
				B325255C28C811A600D6C4D0 /* PedestalLightsView.swift */,
				B325255628C7D96600D6C4D0 /* TextEffectsView.swift */,
				B325255828C7D97700D6C4D0 /* AudioView.swift */,
			);
			path = ChildPages;
			sourceTree = "<group>";
		};
		D48F810528EBC99200C6394C /* Chooser */ = {
			isa = PBXGroup;
			children = (
				B380837728C85D1B00CC29ED /* TextChooserView.swift */,
				B380837D28C9210200CC29ED /* LightStripEffectChooserView.swift */,
				D48F810628EBC9CE00C6394C /* AudioChooserView.swift */,
			);
			path = Chooser;
			sourceTree = "<group>";
		};
		D48F810828EBDDBC00C6394C /* UIComponents */ = {
			isa = PBXGroup;
			children = (
				D48F80F828EB597E00C6394C /* CostumeGraphicView.swift */,
				B325255E28C8129A00D6C4D0 /* EffectsListItemView.swift */,
				B325255A28C808CC00D6C4D0 /* PreviewButtonView.swift */,
				B380837928C866E300CC29ED /* HColorPickerView.swift */,
				B380837B28C9183100CC29ED /* BottomNavigationButtons.swift */,
				D4A833E728CD8AD7002834FB /* RainbowColorView.swift */,
				D48F810028EBC36300C6394C /* DivideSection.swift */,
				D48F810928EBDE0100C6394C /* SongListView.swift */,
			);
			path = UIComponents;
			sourceTree = "<group>";
		};
/* End PBXGroup section */

/* Begin PBXNativeTarget section */
		B3CA5EB028BEB1D600F13DCE /* MW4-Savannah */ = {
			isa = PBXNativeTarget;
			buildConfigurationList = B3CA5EBF28BEB1D800F13DCE /* Build configuration list for PBXNativeTarget "MW4-Savannah" */;
			buildPhases = (
				B3CA5EAD28BEB1D600F13DCE /* Sources */,
				B3CA5EAE28BEB1D600F13DCE /* Frameworks */,
				B3CA5EAF28BEB1D600F13DCE /* Resources */,
			);
			buildRules = (
			);
			dependencies = (
			);
			name = "MW4-Savannah";
			packageProductDependencies = (
				B33F8FD428C011B5001BE3D3 /* AsyncBluetooth */,
			);
			productName = "MW4-Savannah";
			productReference = B3CA5EB128BEB1D600F13DCE /* Team Savannah.app */;
			productType = "com.apple.product-type.application";
		};
/* End PBXNativeTarget section */

/* Begin PBXProject section */
		B3CA5EA928BEB1D600F13DCE /* Project object */ = {
			isa = PBXProject;
			attributes = {
				BuildIndependentTargetsInParallel = 1;
				LastSwiftUpdateCheck = 1340;
				LastUpgradeCheck = 1340;
				TargetAttributes = {
					B3CA5EB028BEB1D600F13DCE = {
						CreatedOnToolsVersion = 13.4.1;
					};
				};
			};
			buildConfigurationList = B3CA5EAC28BEB1D600F13DCE /* Build configuration list for PBXProject "MW4-Savannah" */;
			compatibilityVersion = "Xcode 13.0";
			developmentRegion = en;
			hasScannedForEncodings = 0;
			knownRegions = (
				en,
				Base,
			);
			mainGroup = B3CA5EA828BEB1D600F13DCE;
			packageReferences = (
				B33F8FD328C011B4001BE3D3 /* XCRemoteSwiftPackageReference "AsyncBluetooth" */,
			);
			productRefGroup = B3CA5EB228BEB1D600F13DCE /* Products */;
			projectDirPath = "";
			projectRoot = "";
			targets = (
				B3CA5EB028BEB1D600F13DCE /* MW4-Savannah */,
			);
		};
/* End PBXProject section */

/* Begin PBXResourcesBuildPhase section */
		B3CA5EAF28BEB1D600F13DCE /* Resources */ = {
			isa = PBXResourcesBuildPhase;
			buildActionMask = 2147483647;
			files = (
				B3CA5EBC28BEB1D800F13DCE /* Preview Assets.xcassets in Resources */,
				B3CA5EB928BEB1D800F13DCE /* Assets.xcassets in Resources */,
			);
			runOnlyForDeploymentPostprocessing = 0;
		};
/* End PBXResourcesBuildPhase section */

/* Begin PBXSourcesBuildPhase section */
		B3CA5EAD28BEB1D600F13DCE /* Sources */ = {
			isa = PBXSourcesBuildPhase;
			buildActionMask = 2147483647;
			files = (
				B375062328C1EF420076A244 /* OTAProgressView.swift in Sources */,
				B380837E28C9210200CC29ED /* LightStripEffectChooserView.swift in Sources */,
				B380837C28C9183100CC29ED /* BottomNavigationButtons.swift in Sources */,
				B380837A28C866E300CC29ED /* HColorPickerView.swift in Sources */,
				D48F80F928EB597E00C6394C /* CostumeGraphicView.swift in Sources */,
				B325255528C7D95B00D6C4D0 /* ChairLightsView.swift in Sources */,
				D48F810728EBC9CE00C6394C /* AudioChooserView.swift in Sources */,
				D48F810A28EBDE0100C6394C /* SongListView.swift in Sources */,
				D48F810128EBC36300C6394C /* DivideSection.swift in Sources */,
				B3CA5EB728BEB1D600F13DCE /* ContentView.swift in Sources */,
				B325255B28C808CC00D6C4D0 /* PreviewButtonView.swift in Sources */,
				B3FA4F9E28C1FC1E00E8BF11 /* TextDisplayView.swift in Sources */,
				B380837828C85D1B00CC29ED /* TextChooserView.swift in Sources */,
				B325255728C7D96600D6C4D0 /* TextEffectsView.swift in Sources */,
				B3CA5EC628BEBBEE00F13DCE /* BLEManager.swift in Sources */,
				B325255328C7D8FB00D6C4D0 /* CostumeView.swift in Sources */,
				B3FA4F9C28C1FB1500E8BF11 /* TextDisplayService.swift in Sources */,
				B3CA5EB528BEB1D600F13DCE /* MW4_SavannahApp.swift in Sources */,
				B3CA5EC428BEB80200F13DCE /* StatusBarView.swift in Sources */,
				B325255D28C811A600D6C4D0 /* PedestalLightsView.swift in Sources */,
				B380837628C8518F00CC29ED /* NavBarModifiers.swift in Sources */,
				B325255F28C8129A00D6C4D0 /* EffectsListItemView.swift in Sources */,
				B3CA5ECA28BEDFB600F13DCE /* CostumeService.swift in Sources */,
				D4A833E828CD8AD7002834FB /* RainbowColorView.swift in Sources */,
				B3CA5EC828BEC4E300F13DCE /* OTA.swift in Sources */,
				B33F8FE028C198CF001BE3D3 /* CostumeManager.swift in Sources */,
				B325255928C7D97700D6C4D0 /* AudioView.swift in Sources */,
			);
			runOnlyForDeploymentPostprocessing = 0;
		};
/* End PBXSourcesBuildPhase section */

/* Begin XCBuildConfiguration section */
		B3CA5EBD28BEB1D800F13DCE /* Debug */ = {
			isa = XCBuildConfiguration;
			buildSettings = {
				ALWAYS_SEARCH_USER_PATHS = NO;
				CLANG_ANALYZER_NONNULL = YES;
				CLANG_ANALYZER_NUMBER_OBJECT_CONVERSION = YES_AGGRESSIVE;
				CLANG_CXX_LANGUAGE_STANDARD = "gnu++17";
				CLANG_ENABLE_MODULES = YES;
				CLANG_ENABLE_OBJC_ARC = YES;
				CLANG_ENABLE_OBJC_WEAK = YES;
				CLANG_WARN_BLOCK_CAPTURE_AUTORELEASING = YES;
				CLANG_WARN_BOOL_CONVERSION = YES;
				CLANG_WARN_COMMA = YES;
				CLANG_WARN_CONSTANT_CONVERSION = YES;
				CLANG_WARN_DEPRECATED_OBJC_IMPLEMENTATIONS = YES;
				CLANG_WARN_DIRECT_OBJC_ISA_USAGE = YES_ERROR;
				CLANG_WARN_DOCUMENTATION_COMMENTS = YES;
				CLANG_WARN_EMPTY_BODY = YES;
				CLANG_WARN_ENUM_CONVERSION = YES;
				CLANG_WARN_INFINITE_RECURSION = YES;
				CLANG_WARN_INT_CONVERSION = YES;
				CLANG_WARN_NON_LITERAL_NULL_CONVERSION = YES;
				CLANG_WARN_OBJC_IMPLICIT_RETAIN_SELF = YES;
				CLANG_WARN_OBJC_LITERAL_CONVERSION = YES;
				CLANG_WARN_OBJC_ROOT_CLASS = YES_ERROR;
				CLANG_WARN_QUOTED_INCLUDE_IN_FRAMEWORK_HEADER = YES;
				CLANG_WARN_RANGE_LOOP_ANALYSIS = YES;
				CLANG_WARN_STRICT_PROTOTYPES = YES;
				CLANG_WARN_SUSPICIOUS_MOVE = YES;
				CLANG_WARN_UNGUARDED_AVAILABILITY = YES_AGGRESSIVE;
				CLANG_WARN_UNREACHABLE_CODE = YES;
				CLANG_WARN__DUPLICATE_METHOD_MATCH = YES;
				COPY_PHASE_STRIP = NO;
				DEBUG_INFORMATION_FORMAT = dwarf;
				ENABLE_STRICT_OBJC_MSGSEND = YES;
				ENABLE_TESTABILITY = YES;
				GCC_C_LANGUAGE_STANDARD = gnu11;
				GCC_DYNAMIC_NO_PIC = NO;
				GCC_NO_COMMON_BLOCKS = YES;
				GCC_OPTIMIZATION_LEVEL = 0;
				GCC_PREPROCESSOR_DEFINITIONS = (
					"DEBUG=1",
					"$(inherited)",
				);
				GCC_WARN_64_TO_32_BIT_CONVERSION = YES;
				GCC_WARN_ABOUT_RETURN_TYPE = YES_ERROR;
				GCC_WARN_UNDECLARED_SELECTOR = YES;
				GCC_WARN_UNINITIALIZED_AUTOS = YES_AGGRESSIVE;
				GCC_WARN_UNUSED_FUNCTION = YES;
				GCC_WARN_UNUSED_VARIABLE = YES;
				IPHONEOS_DEPLOYMENT_TARGET = 15.0;
				MTL_ENABLE_DEBUG_INFO = INCLUDE_SOURCE;
				MTL_FAST_MATH = YES;
				ONLY_ACTIVE_ARCH = YES;
				SDKROOT = iphoneos;
				SWIFT_ACTIVE_COMPILATION_CONDITIONS = DEBUG;
				SWIFT_OPTIMIZATION_LEVEL = "-Onone";
			};
			name = Debug;
		};
		B3CA5EBE28BEB1D800F13DCE /* Release */ = {
			isa = XCBuildConfiguration;
			buildSettings = {
				ALWAYS_SEARCH_USER_PATHS = NO;
				CLANG_ANALYZER_NONNULL = YES;
				CLANG_ANALYZER_NUMBER_OBJECT_CONVERSION = YES_AGGRESSIVE;
				CLANG_CXX_LANGUAGE_STANDARD = "gnu++17";
				CLANG_ENABLE_MODULES = YES;
				CLANG_ENABLE_OBJC_ARC = YES;
				CLANG_ENABLE_OBJC_WEAK = YES;
				CLANG_WARN_BLOCK_CAPTURE_AUTORELEASING = YES;
				CLANG_WARN_BOOL_CONVERSION = YES;
				CLANG_WARN_COMMA = YES;
				CLANG_WARN_CONSTANT_CONVERSION = YES;
				CLANG_WARN_DEPRECATED_OBJC_IMPLEMENTATIONS = YES;
				CLANG_WARN_DIRECT_OBJC_ISA_USAGE = YES_ERROR;
				CLANG_WARN_DOCUMENTATION_COMMENTS = YES;
				CLANG_WARN_EMPTY_BODY = YES;
				CLANG_WARN_ENUM_CONVERSION = YES;
				CLANG_WARN_INFINITE_RECURSION = YES;
				CLANG_WARN_INT_CONVERSION = YES;
				CLANG_WARN_NON_LITERAL_NULL_CONVERSION = YES;
				CLANG_WARN_OBJC_IMPLICIT_RETAIN_SELF = YES;
				CLANG_WARN_OBJC_LITERAL_CONVERSION = YES;
				CLANG_WARN_OBJC_ROOT_CLASS = YES_ERROR;
				CLANG_WARN_QUOTED_INCLUDE_IN_FRAMEWORK_HEADER = YES;
				CLANG_WARN_RANGE_LOOP_ANALYSIS = YES;
				CLANG_WARN_STRICT_PROTOTYPES = YES;
				CLANG_WARN_SUSPICIOUS_MOVE = YES;
				CLANG_WARN_UNGUARDED_AVAILABILITY = YES_AGGRESSIVE;
				CLANG_WARN_UNREACHABLE_CODE = YES;
				CLANG_WARN__DUPLICATE_METHOD_MATCH = YES;
				COPY_PHASE_STRIP = NO;
				DEBUG_INFORMATION_FORMAT = "dwarf-with-dsym";
				ENABLE_NS_ASSERTIONS = NO;
				ENABLE_STRICT_OBJC_MSGSEND = YES;
				GCC_C_LANGUAGE_STANDARD = gnu11;
				GCC_NO_COMMON_BLOCKS = YES;
				GCC_WARN_64_TO_32_BIT_CONVERSION = YES;
				GCC_WARN_ABOUT_RETURN_TYPE = YES_ERROR;
				GCC_WARN_UNDECLARED_SELECTOR = YES;
				GCC_WARN_UNINITIALIZED_AUTOS = YES_AGGRESSIVE;
				GCC_WARN_UNUSED_FUNCTION = YES;
				GCC_WARN_UNUSED_VARIABLE = YES;
				IPHONEOS_DEPLOYMENT_TARGET = 15.0;
				MTL_ENABLE_DEBUG_INFO = NO;
				MTL_FAST_MATH = YES;
				SDKROOT = iphoneos;
				SWIFT_COMPILATION_MODE = wholemodule;
				SWIFT_OPTIMIZATION_LEVEL = "-O";
				VALIDATE_PRODUCT = YES;
			};
			name = Release;
		};
		B3CA5EC028BEB1D800F13DCE /* Debug */ = {
			isa = XCBuildConfiguration;
			buildSettings = {
				ASSETCATALOG_COMPILER_APPICON_NAME = AppIcon;
				ASSETCATALOG_COMPILER_GLOBAL_ACCENT_COLOR_NAME = AccentColor;
				CODE_SIGN_STYLE = Automatic;
				CURRENT_PROJECT_VERSION = 1;
				DEVELOPMENT_ASSET_PATHS = "\"MW4-Savannah/Preview Content\"";
				DEVELOPMENT_TEAM = YZN3T7CWXS;
				ENABLE_PREVIEWS = YES;
				GENERATE_INFOPLIST_FILE = YES;
				INFOPLIST_FILE = "MW4-Savannah/Info.plist";
				INFOPLIST_KEY_NSBluetoothAlwaysUsageDescription = "Savannah's Team needs Bluetooth to connect to the costume.";
				INFOPLIST_KEY_UIApplicationSceneManifest_Generation = YES;
				INFOPLIST_KEY_UIApplicationSupportsIndirectInputEvents = YES;
				INFOPLIST_KEY_UILaunchScreen_Generation = YES;
				INFOPLIST_KEY_UISupportedInterfaceOrientations = UIInterfaceOrientationPortrait;
				INFOPLIST_KEY_UISupportedInterfaceOrientations_iPad = "UIInterfaceOrientationPortrait UIInterfaceOrientationPortraitUpsideDown UIInterfaceOrientationLandscapeLeft UIInterfaceOrientationLandscapeRight";
				INFOPLIST_KEY_UISupportedInterfaceOrientations_iPhone = UIInterfaceOrientationPortrait;
				IPHONEOS_DEPLOYMENT_TARGET = 15.0;
				LD_RUNPATH_SEARCH_PATHS = (
					"$(inherited)",
					"@executable_path/Frameworks",
				);
				MARKETING_VERSION = 1.0.0;
				PRODUCT_BUNDLE_IDENTIFIER = "NickL.MW4-Savannah";
				PRODUCT_NAME = "Team Savannah";
				SWIFT_EMIT_LOC_STRINGS = YES;
				SWIFT_VERSION = 5.0;
				TARGETED_DEVICE_FAMILY = 1;
			};
			name = Debug;
		};
		B3CA5EC128BEB1D800F13DCE /* Release */ = {
			isa = XCBuildConfiguration;
			buildSettings = {
				ASSETCATALOG_COMPILER_APPICON_NAME = AppIcon;
				ASSETCATALOG_COMPILER_GLOBAL_ACCENT_COLOR_NAME = AccentColor;
				CODE_SIGN_STYLE = Automatic;
				CURRENT_PROJECT_VERSION = 1;
				DEVELOPMENT_ASSET_PATHS = "\"MW4-Savannah/Preview Content\"";
				DEVELOPMENT_TEAM = YZN3T7CWXS;
				ENABLE_PREVIEWS = YES;
				GENERATE_INFOPLIST_FILE = YES;
				INFOPLIST_FILE = "MW4-Savannah/Info.plist";
				INFOPLIST_KEY_NSBluetoothAlwaysUsageDescription = "Savannah's Team needs Bluetooth to connect to the costume.";
				INFOPLIST_KEY_UIApplicationSceneManifest_Generation = YES;
				INFOPLIST_KEY_UIApplicationSupportsIndirectInputEvents = YES;
				INFOPLIST_KEY_UILaunchScreen_Generation = YES;
				INFOPLIST_KEY_UISupportedInterfaceOrientations = UIInterfaceOrientationPortrait;
				INFOPLIST_KEY_UISupportedInterfaceOrientations_iPad = "UIInterfaceOrientationPortrait UIInterfaceOrientationPortraitUpsideDown UIInterfaceOrientationLandscapeLeft UIInterfaceOrientationLandscapeRight";
				INFOPLIST_KEY_UISupportedInterfaceOrientations_iPhone = UIInterfaceOrientationPortrait;
				IPHONEOS_DEPLOYMENT_TARGET = 15.0;
				LD_RUNPATH_SEARCH_PATHS = (
					"$(inherited)",
					"@executable_path/Frameworks",
				);
				MARKETING_VERSION = 1.0.0;
				PRODUCT_BUNDLE_IDENTIFIER = "NickL.MW4-Savannah";
				PRODUCT_NAME = "Team Savannah";
				SWIFT_EMIT_LOC_STRINGS = YES;
				SWIFT_VERSION = 5.0;
				TARGETED_DEVICE_FAMILY = 1;
			};
			name = Release;
		};
/* End XCBuildConfiguration section */

/* Begin XCConfigurationList section */
		B3CA5EAC28BEB1D600F13DCE /* Build configuration list for PBXProject "MW4-Savannah" */ = {
			isa = XCConfigurationList;
			buildConfigurations = (
				B3CA5EBD28BEB1D800F13DCE /* Debug */,
				B3CA5EBE28BEB1D800F13DCE /* Release */,
			);
			defaultConfigurationIsVisible = 0;
			defaultConfigurationName = Release;
		};
		B3CA5EBF28BEB1D800F13DCE /* Build configuration list for PBXNativeTarget "MW4-Savannah" */ = {
			isa = XCConfigurationList;
			buildConfigurations = (
				B3CA5EC028BEB1D800F13DCE /* Debug */,
				B3CA5EC128BEB1D800F13DCE /* Release */,
			);
			defaultConfigurationIsVisible = 0;
			defaultConfigurationName = Release;
		};
/* End XCConfigurationList section */

/* Begin XCRemoteSwiftPackageReference section */
		B33F8FD328C011B4001BE3D3 /* XCRemoteSwiftPackageReference "AsyncBluetooth" */ = {
			isa = XCRemoteSwiftPackageReference;
			repositoryURL = "https://github.com/manolofdez/AsyncBluetooth";
			requirement = {
				branch = main;
				kind = branch;
			};
		};
/* End XCRemoteSwiftPackageReference section */

/* Begin XCSwiftPackageProductDependency section */
		B33F8FD428C011B5001BE3D3 /* AsyncBluetooth */ = {
			isa = XCSwiftPackageProductDependency;
			package = B33F8FD328C011B4001BE3D3 /* XCRemoteSwiftPackageReference "AsyncBluetooth" */;
			productName = AsyncBluetooth;
		};
/* End XCSwiftPackageProductDependency section */
	};
	rootObject = B3CA5EA928BEB1D600F13DCE /* Project object */;
}
